
Microsoft Visual Studio Solution File, Format Version 12.00
# Visual Studio Version 17
VisualStudioVersion = 17.5.33530.505
MinimumVisualStudioVersion = 10.0.40219.1
Project("{9A19103F-16F7-4668-BE54-9A1E7A4F7556}") = "Sprachfeatures", "Sprachfeatures\Sprachfeatures.csproj", "{088FB6FA-8E8D-4BDE-B952-60D6868C7D60}"
EndProject
Project("{9A19103F-16F7-4668-BE54-9A1E7A4F7556}") = "TopLevelStatements", "TopLevelStatements\TopLevelStatements.csproj", "{9F73F4A2-4F8F-493A-840B-7CBF1C87B6F1}"
EndProject
Project("{9A19103F-16F7-4668-BE54-9A1E7A4F7556}") = "DelegatesEvents", "DelegatesEvents\DelegatesEvents.csproj", "{4FB0BB0F-1BD8-4E8D-B471-1C5ADCCD3844}"
EndProject
Project("{9A19103F-16F7-4668-BE54-9A1E7A4F7556}") = "Generics", "Generics\Generics.csproj", "{E5AD43B7-4644-4B5F-9BB9-807CD5252152}"
EndProject
Project("{9A19103F-16F7-4668-BE54-9A1E7A4F7556}") = "Serialisierung", "Serialisierung\Serialisierung.csproj", "{55E830AD-7F85-47FF-BDE3-DC83A4B78214}"
EndProject
Project("{FAE04EC0-301F-11D3-BF4B-00C04F79EFBC}") = "Multithreading", "Multithreading\Multithreading.csproj", "{C5634EAD-55B8-40C4-A3CE-AFF945134236}"
EndProject
Project("{FAE04EC0-301F-11D3-BF4B-00C04F79EFBC}") = "Multitasking", "Multitasking\Multitasking.csproj", "{17241229-F3E8-4CEF-8027-53D2F415A546}"
EndProject
Global
	GlobalSection(SolutionConfigurationPlatforms) = preSolution
		Debug|Any CPU = Debug|Any CPU
		Release|Any CPU = Release|Any CPU
	EndGlobalSection
	GlobalSection(ProjectConfigurationPlatforms) = postSolution
		{088FB6FA-8E8D-4BDE-B952-60D6868C7D60}.Debug|Any CPU.ActiveCfg = Debug|Any CPU
		{088FB6FA-8E8D-4BDE-B952-60D6868C7D60}.Debug|Any CPU.Build.0 = Debug|Any CPU
		{088FB6FA-8E8D-4BDE-B952-60D6868C7D60}.Release|Any CPU.ActiveCfg = Release|Any CPU
		{088FB6FA-8E8D-4BDE-B952-60D6868C7D60}.Release|Any CPU.Build.0 = Release|Any CPU
		{9F73F4A2-4F8F-493A-840B-7CBF1C87B6F1}.Debug|Any CPU.ActiveCfg = Debug|Any CPU
		{9F73F4A2-4F8F-493A-840B-7CBF1C87B6F1}.Debug|Any CPU.Build.0 = Debug|Any CPU
		{9F73F4A2-4F8F-493A-840B-7CBF1C87B6F1}.Release|Any CPU.ActiveCfg = Release|Any CPU
		{9F73F4A2-4F8F-493A-840B-7CBF1C87B6F1}.Release|Any CPU.Build.0 = Release|Any CPU
		{4FB0BB0F-1BD8-4E8D-B471-1C5ADCCD3844}.Debug|Any CPU.ActiveCfg = Debug|Any CPU
		{4FB0BB0F-1BD8-4E8D-B471-1C5ADCCD3844}.Debug|Any CPU.Build.0 = Debug|Any CPU
		{4FB0BB0F-1BD8-4E8D-B471-1C5ADCCD3844}.Release|Any CPU.ActiveCfg = Release|Any CPU
		{4FB0BB0F-1BD8-4E8D-B471-1C5ADCCD3844}.Release|Any CPU.Build.0 = Release|Any CPU
		{E5AD43B7-4644-4B5F-9BB9-807CD5252152}.Debug|Any CPU.ActiveCfg = Debug|Any CPU
		{E5AD43B7-4644-4B5F-9BB9-807CD5252152}.Debug|Any CPU.Build.0 = Debug|Any CPU
		{E5AD43B7-4644-4B5F-9BB9-807CD5252152}.Release|Any CPU.ActiveCfg = Release|Any CPU
		{E5AD43B7-4644-4B5F-9BB9-807CD5252152}.Release|Any CPU.Build.0 = Release|Any CPU
		{55E830AD-7F85-47FF-BDE3-DC83A4B78214}.Debug|Any CPU.ActiveCfg = Debug|Any CPU
		{55E830AD-7F85-47FF-BDE3-DC83A4B78214}.Debug|Any CPU.Build.0 = Debug|Any CPU
		{55E830AD-7F85-47FF-BDE3-DC83A4B78214}.Release|Any CPU.ActiveCfg = Release|Any CPU
		{55E830AD-7F85-47FF-BDE3-DC83A4B78214}.Release|Any CPU.Build.0 = Release|Any CPU
		{C5634EAD-55B8-40C4-A3CE-AFF945134236}.Debug|Any CPU.ActiveCfg = Debug|Any CPU
		{C5634EAD-55B8-40C4-A3CE-AFF945134236}.Debug|Any CPU.Build.0 = Debug|Any CPU
		{C5634EAD-55B8-40C4-A3CE-AFF945134236}.Release|Any CPU.ActiveCfg = Release|Any CPU
		{C5634EAD-55B8-40C4-A3CE-AFF945134236}.Release|Any CPU.Build.0 = Release|Any CPU
		{17241229-F3E8-4CEF-8027-53D2F415A546}.Debug|Any CPU.ActiveCfg = Debug|Any CPU
		{17241229-F3E8-4CEF-8027-53D2F415A546}.Debug|Any CPU.Build.0 = Debug|Any CPU
		{17241229-F3E8-4CEF-8027-53D2F415A546}.Release|Any CPU.ActiveCfg = Release|Any CPU
		{17241229-F3E8-4CEF-8027-53D2F415A546}.Release|Any CPU.Build.0 = Release|Any CPU
	EndGlobalSection
	GlobalSection(SolutionProperties) = preSolution
		HideSolutionNode = FALSE
	EndGlobalSection
	GlobalSection(ExtensibilityGlobals) = postSolution
		SolutionGuid = {EBBCAD55-E1B2-4763-923F-EF40DCC042A1}
	EndGlobalSection
EndGlobal
